{
	"name": "front",
	"version": "1.0.0",
	"lockfileVersion": 3,
	"requires": true,
	"packages": {
		"": {
			"name": "front",
			"version": "1.0.0",
			"dependencies": {
				"@astrojs/cloudflare": "12.6.12",
				"@astrojs/mdx": "4.3.13",
				"@astrojs/rss": "4.0.14",
				"@astrojs/sitemap": "3.6.1",
				"@tailwindcss/vite": "^4.2.1",
				"astro": "5.16.9",
				"tailwindcss": "^4.2.1",
				"typescript": "5.9.3"
			},
			"devDependencies": {
				"@types/node": "^25.3.2",
				"wrangler": "^4.69.0"
			},
			"engines": {
				"node": ">=22"
			}
		},
		"../../node_modules/.pnpm/@astrojs+cloudflare@12.6.12_@types+node@25.3.2_astro@5.16.9_@types+node@25.3.2_rollup@4.59.0_typescript@5.9.3_/node_modules/@astrojs/cloudflare": {
			"version": "12.6.12",
			"license": "MIT",
			"dependencies": {
				"@astrojs/internal-helpers": "0.7.5",
				"@astrojs/underscore-redirects": "1.0.0",
				"@cloudflare/workers-types": "^4.20251121.0",
				"tinyglobby": "^0.2.15",
				"vite": "^6.4.1",
				"wrangler": "4.50.0"
			},
			"devDependencies": {
				"astro": "5.16.1",
				"astro-scripts": "0.0.14",
				"cheerio": "1.1.2",
				"devalue": "^5.5.0",
				"rollup": "^4.53.3"
			},
			"peerDependencies": {
				"astro": "^5.7.0"
			}
		},
		"../../node_modules/.pnpm/@astrojs+mdx@4.3.13_astro@5.16.9_@types+node@25.3.2_rollup@4.59.0_typescript@5.9.3_/node_modules/@astrojs/mdx": {
			"version": "4.3.13",
			"license": "MIT",
			"dependencies": {
				"@astrojs/markdown-remark": "6.3.10",
				"@mdx-js/mdx": "^3.1.1",
				"acorn": "^8.15.0",
				"es-module-lexer": "^1.7.0",
				"estree-util-visit": "^2.0.0",
				"hast-util-to-html": "^9.0.5",
				"piccolore": "^0.1.3",
				"rehype-raw": "^7.0.0",
				"remark-gfm": "^4.0.1",
				"remark-smartypants": "^3.0.2",
				"source-map": "^0.7.6",
				"unist-util-visit": "^5.0.0",
				"vfile": "^6.0.3"
			},
			"devDependencies": {
				"@types/estree": "^1.0.8",
				"@types/hast": "^3.0.4",
				"@types/mdast": "^4.0.4",
				"astro": "5.16.5",
				"astro-scripts": "0.0.14",
				"cheerio": "1.1.2",
				"linkedom": "^0.18.12",
				"mdast-util-mdx": "^3.0.0",
				"mdast-util-mdx-jsx": "^3.2.0",
				"rehype-mathjax": "^7.1.0",
				"rehype-pretty-code": "^0.14.1",
				"remark-math": "^6.0.0",
				"remark-rehype": "^11.1.2",
				"remark-shiki-twoslash": "^3.1.3",
				"remark-toc": "^9.0.0",
				"shiki": "^3.15.0",
				"unified": "^11.0.5",
				"vite": "^6.4.1"
			},
			"engines": {
				"node": "18.20.8 || ^20.3.0 || >=22.0.0"
			},
			"peerDependencies": {
				"astro": "^5.0.0"
			}
		},
		"../../node_modules/.pnpm/@astrojs+rss@4.0.14/node_modules/@astrojs/rss": {
			"version": "4.0.14",
			"license": "MIT",
			"dependencies": {
				"fast-xml-parser": "^5.3.0",
				"piccolore": "^0.1.3"
			},
			"devDependencies": {
				"@types/xml2js": "^0.4.14",
				"astro": "5.16.0",
				"astro-scripts": "0.0.14",
				"xml2js": "0.6.2"
			}
		},
		"../../node_modules/.pnpm/@astrojs+sitemap@3.6.1/node_modules/@astrojs/sitemap": {
			"version": "3.6.1",
			"license": "MIT",
			"dependencies": {
				"sitemap": "^8.0.2",
				"stream-replace-string": "^2.0.0",
				"zod": "^3.25.76"
			},
			"devDependencies": {
				"astro": "5.16.7",
				"astro-scripts": "0.0.14",
				"xml2js": "0.6.2"
			}
		},
		"../../node_modules/.pnpm/@types+node@25.3.2/node_modules/@types/node": {
			"version": "25.3.2",
			"devOptional": true,
			"license": "MIT",
			"dependencies": {
				"undici-types": "~7.18.0"
			}
		},
		"../../node_modules/.pnpm/astro@5.16.9_@types+node@25.3.2_rollup@4.59.0_typescript@5.9.3/node_modules/astro": {
			"version": "5.16.9",
			"license": "MIT",
			"dependencies": {
				"@astrojs/compiler": "^2.13.0",
				"@astrojs/internal-helpers": "0.7.5",
				"@astrojs/markdown-remark": "6.3.10",
				"@astrojs/telemetry": "3.3.0",
				"@capsizecss/unpack": "^4.0.0",
				"@oslojs/encoding": "^1.1.0",
				"@rollup/pluginutils": "^5.3.0",
				"acorn": "^8.15.0",
				"aria-query": "^5.3.2",
				"axobject-query": "^4.1.0",
				"boxen": "8.0.1",
				"ci-info": "^4.3.1",
				"clsx": "^2.1.1",
				"common-ancestor-path": "^1.0.1",
				"cookie": "^1.1.1",
				"cssesc": "^3.0.0",
				"debug": "^4.4.3",
				"deterministic-object-hash": "^2.0.2",
				"devalue": "^5.6.1",
				"diff": "^5.2.0",
				"dlv": "^1.1.3",
				"dset": "^3.1.4",
				"es-module-lexer": "^1.7.0",
				"esbuild": "^0.25.0",
				"estree-walker": "^3.0.3",
				"flattie": "^1.1.1",
				"fontace": "~0.4.0",
				"github-slugger": "^2.0.0",
				"html-escaper": "3.0.3",
				"http-cache-semantics": "^4.2.0",
				"import-meta-resolve": "^4.2.0",
				"js-yaml": "^4.1.1",
				"magic-string": "^0.30.21",
				"magicast": "^0.5.1",
				"mrmime": "^2.0.1",
				"neotraverse": "^0.6.18",
				"p-limit": "^6.2.0",
				"p-queue": "^8.1.1",
				"package-manager-detector": "^1.6.0",
				"piccolore": "^0.1.3",
				"picomatch": "^4.0.3",
				"prompts": "^2.4.2",
				"rehype": "^13.0.2",
				"semver": "^7.7.3",
				"shiki": "^3.20.0",
				"smol-toml": "^1.6.0",
				"svgo": "^4.0.0",
				"tinyexec": "^1.0.2",
				"tinyglobby": "^0.2.15",
				"tsconfck": "^3.1.6",
				"ultrahtml": "^1.6.0",
				"unifont": "~0.7.1",
				"unist-util-visit": "^5.0.0",
				"unstorage": "^1.17.3",
				"vfile": "^6.0.3",
				"vite": "^6.4.1",
				"vitefu": "^1.1.1",
				"xxhash-wasm": "^1.1.0",
				"yargs-parser": "^21.1.1",
				"yocto-spinner": "^0.2.3",
				"zod": "^3.25.76",
				"zod-to-json-schema": "^3.25.1",
				"zod-to-ts": "^1.2.0"
			},
			"bin": {
				"astro": "astro.js"
			},
			"devDependencies": {
				"@astrojs/check": "0.9.6",
				"@playwright/test": "1.57.0",
				"@types/aria-query": "^5.0.4",
				"@types/common-ancestor-path": "^1.0.2",
				"@types/cssesc": "^3.0.2",
				"@types/debug": "^4.1.12",
				"@types/diff": "^5.2.3",
				"@types/dlv": "^1.1.5",
				"@types/hast": "^3.0.4",
				"@types/html-escaper": "3.0.4",
				"@types/http-cache-semantics": "^4.0.4",
				"@types/js-yaml": "^4.0.9",
				"@types/picomatch": "^3.0.2",
				"@types/prompts": "^2.4.9",
				"@types/semver": "^7.7.1",
				"@types/yargs-parser": "^21.0.3",
				"astro-scripts": "0.0.14",
				"cheerio": "1.1.2",
				"eol": "^0.10.0",
				"expect-type": "^1.3.0",
				"fs-fixture": "^2.11.0",
				"mdast-util-mdx": "^3.0.0",
				"mdast-util-mdx-jsx": "^3.2.0",
				"node-mocks-http": "^1.17.2",
				"parse-srcset": "^1.0.2",
				"rehype-autolink-headings": "^7.1.0",
				"rehype-slug": "^6.0.0",
				"rehype-toc": "^3.0.2",
				"remark-code-titles": "^0.1.2",
				"rollup": "^4.54.0",
				"sass": "^1.97.1",
				"typescript": "^5.9.3",
				"undici": "^6.22.0",
				"unified": "^11.0.5",
				"vitest": "^3.2.4"
			},
			"engines": {
				"node": "18.20.8 || ^20.3.0 || >=22.0.0",
				"npm": ">=9.6.5",
				"pnpm": ">=7.1.0"
			},
			"funding": {
				"type": "opencollective",
				"url": "https://opencollective.com/astrodotbuild"
			},
			"optionalDependencies": {
				"sharp": "^0.34.0"
			}
		},
		"../../node_modules/.pnpm/typescript@5.9.3/node_modules/typescript": {
			"version": "5.9.3",
			"license": "Apache-2.0",
			"bin": {
				"tsc": "bin/tsc",
				"tsserver": "bin/tsserver"
			},
			"devDependencies": {
				"@dprint/formatter": "^0.4.1",
				"@dprint/typescript": "0.93.4",
				"@esfx/canceltoken": "^1.0.0",
				"@eslint/js": "^9.20.0",
				"@octokit/rest": "^21.1.1",
				"@types/chai": "^4.3.20",
				"@types/diff": "^7.0.1",
				"@types/minimist": "^1.2.5",
				"@types/mocha": "^10.0.10",
				"@types/ms": "^0.7.34",
				"@types/node": "latest",
				"@types/source-map-support": "^0.5.10",
				"@types/which": "^3.0.4",
				"@typescript-eslint/rule-tester": "^8.24.1",
				"@typescript-eslint/type-utils": "^8.24.1",
				"@typescript-eslint/utils": "^8.24.1",
				"azure-devops-node-api": "^14.1.0",
				"c8": "^10.1.3",
				"chai": "^4.5.0",
				"chokidar": "^4.0.3",
				"diff": "^7.0.0",
				"dprint": "^0.49.0",
				"esbuild": "^0.25.0",
				"eslint": "^9.20.1",
				"eslint-formatter-autolinkable-stylish": "^1.4.0",
				"eslint-plugin-regexp": "^2.7.0",
				"fast-xml-parser": "^4.5.2",
				"glob": "^10.4.5",
				"globals": "^15.15.0",
				"hereby": "^1.10.0",
				"jsonc-parser": "^3.3.1",
				"knip": "^5.44.4",
				"minimist": "^1.2.8",
				"mocha": "^10.8.2",
				"mocha-fivemat-progress-reporter": "^0.1.0",
				"monocart-coverage-reports": "^2.12.1",
				"ms": "^2.1.3",
				"picocolors": "^1.1.1",
				"playwright": "^1.50.1",
				"source-map-support": "^0.5.21",
				"tslib": "^2.8.1",
				"typescript": "^5.7.3",
				"typescript-eslint": "^8.24.1",
				"which": "^3.0.1"
			},
			"engines": {
				"node": ">=14.17"
			}
		},
		"../../node_modules/.pnpm/wrangler@4.69.0_@cloudflare+workers-types@4.20260226.1/node_modules/wrangler": {
			"version": "4.69.0",
			"dev": true,
			"license": "MIT OR Apache-2.0",
			"dependencies": {
				"@cloudflare/kv-asset-handler": "0.4.2",
				"@cloudflare/unenv-preset": "2.14.0",
				"blake3-wasm": "2.1.5",
				"esbuild": "0.27.3",
				"miniflare": "4.20260305.0",
				"path-to-regexp": "6.3.0",
				"unenv": "2.0.0-rc.24",
				"workerd": "1.20260305.0"
			},
			"bin": {
				"wrangler": "bin/wrangler.js",
				"wrangler2": "bin/wrangler.js"
			},
			"devDependencies": {
				"@aws-sdk/client-s3": "^3.721.0",
				"@bomb.sh/tab": "^0.0.12",
				"@cloudflare/cli": "1.2.1",
				"@cloudflare/containers-shared": "0.9.0",
				"@cloudflare/eslint-config-shared": "1.2.1",
				"@cloudflare/pages-shared": "^0.13.111",
				"@cloudflare/types": "6.18.4",
				"@cloudflare/workers-shared": "0.19.0",
				"@cloudflare/workers-tsconfig": "0.0.0",
				"@cloudflare/workers-types": "^4.20260305.0",
				"@cloudflare/workers-utils": "0.12.0",
				"@cloudflare/workflows-shared": "0.4.0",
				"@cspotcode/source-map-support": "0.8.1",
				"@netlify/build-info": "^10.2.0",
				"@sentry/node": "^7.86.0",
				"@sentry/types": "^7.86.0",
				"@sentry/utils": "^7.86.0",
				"@types/command-exists": "^1.2.0",
				"@types/cross-spawn": "^6.0.2",
				"@types/esprima": "^4.0.3",
				"@types/glob-to-regexp": "^0.4.1",
				"@types/javascript-time-ago": "^2.0.3",
				"@types/json-diff": "^1.0.3",
				"@types/mime": "^3.0.4",
				"@types/minimatch": "^5.1.2",
				"@types/node": "^20.19.9",
				"@types/node-forge": "^1.3.11",
				"@types/prompts": "^2.0.14",
				"@types/resolve": "^1.20.6",
				"@types/shell-quote": "^1.7.2",
				"@types/signal-exit": "^3.0.1",
				"@types/supports-color": "^8.1.1",
				"@types/ws": "^8.5.7",
				"@types/yargs": "^17.0.22",
				"@vitest/ui": "~3.2.0",
				"@webcontainer/env": "^1.1.0",
				"am-i-vibing": "^0.1.0",
				"capnweb": "^0.5.0",
				"chalk": "^5.2.0",
				"chokidar": "^4.0.1",
				"ci-info": "^4.4.0",
				"cli-table3": "^0.6.3",
				"cloudflare": "^5.2.0",
				"cmd-shim": "^4.1.0",
				"command-exists": "^1.2.9",
				"concurrently": "^8.2.2",
				"cross-spawn": "^7.0.3",
				"date-fns": "^4.1.0",
				"devtools-protocol": "^0.0.1182435",
				"dotenv": "^16.3.1",
				"dotenv-expand": "^12.0.2",
				"empathic": "^2.0.0",
				"eslint": "^9.39.1",
				"esprima": "4.0.1",
				"execa": "^6.1.0",
				"get-port": "^7.0.0",
				"glob-to-regexp": "^0.4.1",
				"https-proxy-agent": "7.0.2",
				"itty-time": "^1.0.6",
				"javascript-time-ago": "^2.5.4",
				"json-diff": "^1.0.6",
				"jsonc-parser": "^3.2.0",
				"md5-file": "5.0.0",
				"mime": "^3.0.0",
				"minimatch": "^5.1.0",
				"mock-socket": "^9.3.1",
				"msw": "2.12.0",
				"node-forge": "^1.3.1",
				"open": "^8.4.0",
				"p-queue": "^9.0.0",
				"patch-console": "^1.0.0",
				"pretty-bytes": "^6.0.0",
				"prompts": "^2.4.2",
				"recast": "0.23.11",
				"resolve": "^1.22.8",
				"semiver": "^1.1.0",
				"shell-quote": "^1.8.1",
				"signal-exit": "^3.0.7",
				"smol-toml": "^1.5.2",
				"source-map": "^0.6.1",
				"supports-color": "^9.2.2",
				"timeago.js": "^4.0.2",
				"tree-kill": "^1.2.2",
				"ts-dedent": "^2.2.0",
				"ts-json-schema-generator": "^1.5.0",
				"tsup": "8.3.0",
				"typescript": "~5.8.3",
				"undici": "7.18.2",
				"update-check": "^1.5.4",
				"vitest": "~3.2.0",
				"vitest-websocket-mock": "^0.4.0",
				"ws": "8.18.0",
				"xxhash-wasm": "^1.0.1",
				"yaml": "^2.8.1",
				"yargs": "^17.7.2"
			},
			"engines": {
				"node": ">=20.0.0"
			},
			"optionalDependencies": {
				"fsevents": "~2.3.2"
			},
			"peerDependencies": {
				"@cloudflare/workers-types": "^4.20260305.0"
			},
			"peerDependenciesMeta": {
				"@cloudflare/workers-types": {
					"optional": true
				}
			}
		},
		"node_modules/@astrojs/cloudflare": {
			"resolved": "../../node_modules/.pnpm/@astrojs+cloudflare@12.6.12_@types+node@25.3.2_astro@5.16.9_@types+node@25.3.2_rollup@4.59.0_typescript@5.9.3_/node_modules/@astrojs/cloudflare",
			"link": true
		},
		"node_modules/@astrojs/mdx": {
			"resolved": "../../node_modules/.pnpm/@astrojs+mdx@4.3.13_astro@5.16.9_@types+node@25.3.2_rollup@4.59.0_typescript@5.9.3_/node_modules/@astrojs/mdx",
			"link": true
		},
		"node_modules/@astrojs/rss": {
			"resolved": "../../node_modules/.pnpm/@astrojs+rss@4.0.14/node_modules/@astrojs/rss",
			"link": true
		},
		"node_modules/@astrojs/sitemap": {
			"resolved": "../../node_modules/.pnpm/@astrojs+sitemap@3.6.1/node_modules/@astrojs/sitemap",
			"link": true
		},
		"node_modules/@emnapi/runtime": {
			"version": "1.8.1",
			"license": "MIT",
			"optional": true,
			"dependencies": {
				"tslib": "^2.4.0"
			}
		},
		"node_modules/@esbuild/darwin-arm64": {
			"version": "0.25.12",
			"cpu": [
				"arm64"
			],
			"license": "MIT",
			"optional": true,
			"os": [
				"darwin"
			],
			"peer": true,
			"engines": {
				"node": ">=18"
			}
		},
		"node_modules/@jridgewell/gen-mapping": {
			"version": "0.3.13",
			"resolved": "https://registry.npmjs.org/@jridgewell/gen-mapping/-/gen-mapping-0.3.13.tgz",
			"integrity": "sha512-2kkt/7niJ6MgEPxF0bYdQ6etZaA+fQvDcLKckhy1yIQOzaoKjBBjSj63/aLVjYE3qhRt5dvM+uUyfCg6UKCBbA==",
			"license": "MIT",
			"dependencies": {
				"@jridgewell/sourcemap-codec": "^1.5.0",
				"@jridgewell/trace-mapping": "^0.3.24"
			}
		},
		"node_modules/@jridgewell/gen-mapping/node_modules/@jridgewell/trace-mapping": {
			"version": "0.3.31",
			"resolved": "https://registry.npmjs.org/@jridgewell/trace-mapping/-/trace-mapping-0.3.31.tgz",
			"integrity": "sha512-zzNR+SdQSDJzc8joaeP8QQoCQr8NuYx2dIIytl1QeBEZHJ9uW6hebsrYgbz8hJwUQao3TWCMtmfV8Nu1twOLAw==",
			"license": "MIT",
			"dependencies": {
				"@jridgewell/resolve-uri": "^3.1.0",
				"@jridgewell/sourcemap-codec": "^1.4.14"
			}
		},
		"node_modules/@jridgewell/remapping": {
			"version": "2.3.5",
			"resolved": "https://registry.npmjs.org/@jridgewell/remapping/-/remapping-2.3.5.tgz",
			"integrity": "sha512-LI9u/+laYG4Ds1TDKSJW2YPrIlcVYOwi2fUC6xB43lueCjgxV4lffOCZCtYFiH6TNOX+tQKXx97T4IKHbhyHEQ==",
			"license": "MIT",
			"dependencies": {
				"@jridgewell/gen-mapping": "^0.3.5",
				"@jridgewell/trace-mapping": "^0.3.24"
			}
		},
		"node_modules/@jridgewell/remapping/node_modules/@jridgewell/trace-mapping": {
			"version": "0.3.31",
			"resolved": "https://registry.npmjs.org/@jridgewell/trace-mapping/-/trace-mapping-0.3.31.tgz",
			"integrity": "sha512-zzNR+SdQSDJzc8joaeP8QQoCQr8NuYx2dIIytl1QeBEZHJ9uW6hebsrYgbz8hJwUQao3TWCMtmfV8Nu1twOLAw==",
			"license": "MIT",
			"dependencies": {
				"@jridgewell/resolve-uri": "^3.1.0",
				"@jridgewell/sourcemap-codec": "^1.4.14"
			}
		},
		"node_modules/@jridgewell/resolve-uri": {
			"version": "3.1.2",
			"license": "MIT",
			"engines": {
				"node": ">=6.0.0"
			}
		},
		"node_modules/@jridgewell/sourcemap-codec": {
			"version": "1.5.5",
			"license": "MIT"
		},
		"node_modules/@rollup/rollup-darwin-arm64": {
			"version": "4.55.1",
			"cpu": [
				"arm64"
			],
			"license": "MIT",
			"optional": true,
			"os": [
				"darwin"
			],
			"peer": true
		},
		"node_modules/@tailwindcss/node": {
			"version": "4.2.1",
			"resolved": "https://registry.npmjs.org/@tailwindcss/node/-/node-4.2.1.tgz",
			"integrity": "sha512-jlx6sLk4EOwO6hHe1oCGm1Q4AN/s0rSrTTPBGPM0/RQ6Uylwq17FuU8IeJJKEjtc6K6O07zsvP+gDO6MMWo7pg==",
			"license": "MIT",
			"dependencies": {
				"@jridgewell/remapping": "^2.3.5",
				"enhanced-resolve": "^5.19.0",
				"jiti": "^2.6.1",
				"lightningcss": "1.31.1",
				"magic-string": "^0.30.21",
				"source-map-js": "^1.2.1",
				"tailwindcss": "4.2.1"
			}
		},
		"node_modules/@tailwindcss/oxide": {
			"version": "4.2.1",
			"resolved": "https://registry.npmjs.org/@tailwindcss/oxide/-/oxide-4.2.1.tgz",
			"integrity": "sha512-yv9jeEFWnjKCI6/T3Oq50yQEOqmpmpfzG1hcZsAOaXFQPfzWprWrlHSdGPEF3WQTi8zu8ohC9Mh9J470nT5pUw==",
			"license": "MIT",
			"engines": {
				"node": ">= 20"
			},
			"optionalDependencies": {
				"@tailwindcss/oxide-android-arm64": "4.2.1",
				"@tailwindcss/oxide-darwin-arm64": "4.2.1",
				"@tailwindcss/oxide-darwin-x64": "4.2.1",
				"@tailwindcss/oxide-freebsd-x64": "4.2.1",
				"@tailwindcss/oxide-linux-arm-gnueabihf": "4.2.1",
				"@tailwindcss/oxide-linux-arm64-gnu": "4.2.1",
				"@tailwindcss/oxide-linux-arm64-musl": "4.2.1",
				"@tailwindcss/oxide-linux-x64-gnu": "4.2.1",
				"@tailwindcss/oxide-linux-x64-musl": "4.2.1",
				"@tailwindcss/oxide-wasm32-wasi": "4.2.1",
				"@tailwindcss/oxide-win32-arm64-msvc": "4.2.1",
				"@tailwindcss/oxide-win32-x64-msvc": "4.2.1"
			}
		},
		"node_modules/@tailwindcss/oxide-android-arm64": {
			"version": "4.2.1",
			"resolved": "https://registry.npmjs.org/@tailwindcss/oxide-android-arm64/-/oxide-android-arm64-4.2.1.tgz",
			"integrity": "sha512-eZ7G1Zm5EC8OOKaesIKuw77jw++QJ2lL9N+dDpdQiAB/c/B2wDh0QPFHbkBVrXnwNugvrbJFk1gK2SsVjwWReg==",
			"cpu": [
				"arm64"
			],
			"license": "MIT",
			"optional": true,
			"os": [
				"android"
			],
			"engines": {
				"node": ">= 20"
			}
		},
		"node_modules/@tailwindcss/oxide-darwin-arm64": {
			"version": "4.2.1",
			"resolved": "https://registry.npmjs.org/@tailwindcss/oxide-darwin-arm64/-/oxide-darwin-arm64-4.2.1.tgz",
			"integrity": "sha512-q/LHkOstoJ7pI1J0q6djesLzRvQSIfEto148ppAd+BVQK0JYjQIFSK3JgYZJa+Yzi0DDa52ZsQx2rqytBnf8Hw==",
			"cpu": [
				"arm64"
			],
			"license": "MIT",
			"optional": true,
			"os": [
				"darwin"
			],
			"engines": {
				"node": ">= 20"
			}
		},
		"node_modules/@tailwindcss/oxide-darwin-x64": {
			"version": "4.2.1",
			"resolved": "https://registry.npmjs.org/@tailwindcss/oxide-darwin-x64/-/oxide-darwin-x64-4.2.1.tgz",
			"integrity": "sha512-/f/ozlaXGY6QLbpvd/kFTro2l18f7dHKpB+ieXz+Cijl4Mt9AI2rTrpq7V+t04nK+j9XBQHnSMdeQRhbGyt6fw==",
			"cpu": [
				"x64"
			],
			"license": "MIT",
			"optional": true,
			"os": [
				"darwin"
			],
			"engines": {
				"node": ">= 20"
			}
		},
		"node_modules/@tailwindcss/oxide-freebsd-x64": {
			"version": "4.2.1",
			"resolved": "https://registry.npmjs.org/@tailwindcss/oxide-freebsd-x64/-/oxide-freebsd-x64-4.2.1.tgz",
			"integrity": "sha512-5e/AkgYJT/cpbkys/OU2Ei2jdETCLlifwm7ogMC7/hksI2fC3iiq6OcXwjibcIjPung0kRtR3TxEITkqgn0TcA==",
			"cpu": [
				"x64"
			],
			"license": "MIT",
			"optional": true,
			"os": [
				"freebsd"
			],
			"engines": {
				"node": ">= 20"
			}
		},
		"node_modules/@tailwindcss/oxide-linux-arm-gnueabihf": {
			"version": "4.2.1",
			"resolved": "https://registry.npmjs.org/@tailwindcss/oxide-linux-arm-gnueabihf/-/oxide-linux-arm-gnueabihf-4.2.1.tgz",
			"integrity": "sha512-Uny1EcVTTmerCKt/1ZuKTkb0x8ZaiuYucg2/kImO5A5Y/kBz41/+j0gxUZl+hTF3xkWpDmHX+TaWhOtba2Fyuw==",
			"cpu": [
				"arm"
			],
			"license": "MIT",
			"optional": true,
			"os": [
				"linux"
			],
			"engines": {
				"node": ">= 20"
			}
		},
		"node_modules/@tailwindcss/oxide-linux-arm64-gnu": {
			"version": "4.2.1",
			"resolved": "https://registry.npmjs.org/@tailwindcss/oxide-linux-arm64-gnu/-/oxide-linux-arm64-gnu-4.2.1.tgz",
			"integrity": "sha512-CTrwomI+c7n6aSSQlsPL0roRiNMDQ/YzMD9EjcR+H4f0I1SQ8QqIuPnsVp7QgMkC1Qi8rtkekLkOFjo7OlEFRQ==",
			"cpu": [
				"arm64"
			],
			"license": "MIT",
			"optional": true,
			"os": [
				"linux"
			],
			"engines": {
				"node": ">= 20"
			}
		},
		"node_modules/@tailwindcss/oxide-linux-arm64-musl": {
			"version": "4.2.1",
			"resolved": "https://registry.npmjs.org/@tailwindcss/oxide-linux-arm64-musl/-/oxide-linux-arm64-musl-4.2.1.tgz",
			"integrity": "sha512-WZA0CHRL/SP1TRbA5mp9htsppSEkWuQ4KsSUumYQnyl8ZdT39ntwqmz4IUHGN6p4XdSlYfJwM4rRzZLShHsGAQ==",
			"cpu": [
				"arm64"
			],
			"license": "MIT",
			"optional": true,
			"os": [
				"linux"
			],
			"engines": {
				"node": ">= 20"
			}
		},
		"node_modules/@tailwindcss/oxide-linux-x64-gnu": {
			"version": "4.2.1",
			"resolved": "https://registry.npmjs.org/@tailwindcss/oxide-linux-x64-gnu/-/oxide-linux-x64-gnu-4.2.1.tgz",
			"integrity": "sha512-qMFzxI2YlBOLW5PhblzuSWlWfwLHaneBE0xHzLrBgNtqN6mWfs+qYbhryGSXQjFYB1Dzf5w+LN5qbUTPhW7Y5g==",
			"cpu": [
				"x64"
			],
			"license": "MIT",
			"optional": true,
			"os": [
				"linux"
			],
			"engines": {
				"node": ">= 20"
			}
		},
		"node_modules/@tailwindcss/oxide-linux-x64-musl": {
			"version": "4.2.1",
			"resolved": "https://registry.npmjs.org/@tailwindcss/oxide-linux-x64-musl/-/oxide-linux-x64-musl-4.2.1.tgz",
			"integrity": "sha512-5r1X2FKnCMUPlXTWRYpHdPYUY6a1Ar/t7P24OuiEdEOmms5lyqjDRvVY1yy9Rmioh+AunQ0rWiOTPE8F9A3v5g==",
			"cpu": [
				"x64"
			],
			"license": "MIT",
			"optional": true,
			"os": [
				"linux"
			],
			"engines": {
				"node": ">= 20"
			}
		},
		"node_modules/@tailwindcss/oxide-wasm32-wasi": {
			"version": "4.2.1",
			"resolved": "https://registry.npmjs.org/@tailwindcss/oxide-wasm32-wasi/-/oxide-wasm32-wasi-4.2.1.tgz",
			"integrity": "sha512-MGFB5cVPvshR85MTJkEvqDUnuNoysrsRxd6vnk1Lf2tbiqNlXpHYZqkqOQalydienEWOHHFyyuTSYRsLfxFJ2Q==",
			"bundleDependencies": [
				"@napi-rs/wasm-runtime",
				"@emnapi/core",
				"@emnapi/runtime",
				"@tybys/wasm-util",
				"@emnapi/wasi-threads",
				"tslib"
			],
			"cpu": [
				"wasm32"
			],
			"license": "MIT",
			"optional": true,
			"dependencies": {
				"@emnapi/core": "^1.8.1",
				"@emnapi/runtime": "^1.8.1",
				"@emnapi/wasi-threads": "^1.1.0",
				"@napi-rs/wasm-runtime": "^1.1.1",
				"@tybys/wasm-util": "^0.10.1",
				"tslib": "^2.8.1"
			},
			"engines": {
				"node": ">=14.0.0"
			}
		},
		"node_modules/@tailwindcss/oxide-win32-arm64-msvc": {
			"version": "4.2.1",
			"resolved": "https://registry.npmjs.org/@tailwindcss/oxide-win32-arm64-msvc/-/oxide-win32-arm64-msvc-4.2.1.tgz",
			"integrity": "sha512-YlUEHRHBGnCMh4Nj4GnqQyBtsshUPdiNroZj8VPkvTZSoHsilRCwXcVKnG9kyi0ZFAS/3u+qKHBdDc81SADTRA==",
			"cpu": [
				"arm64"
			],
			"license": "MIT",
			"optional": true,
			"os": [
				"win32"
			],
			"engines": {
				"node": ">= 20"
			}
		},
		"node_modules/@tailwindcss/oxide-win32-x64-msvc": {
			"version": "4.2.1",
			"resolved": "https://registry.npmjs.org/@tailwindcss/oxide-win32-x64-msvc/-/oxide-win32-x64-msvc-4.2.1.tgz",
			"integrity": "sha512-rbO34G5sMWWyrN/idLeVxAZgAKWrn5LiR3/I90Q9MkA67s6T1oB0xtTe+0heoBvHSpbU9Mk7i6uwJnpo4u21XQ==",
			"cpu": [
				"x64"
			],
			"license": "MIT",
			"optional": true,
			"os": [
				"win32"
			],
			"engines": {
				"node": ">= 20"
			}
		},
		"node_modules/@tailwindcss/vite": {
			"version": "4.2.1",
			"resolved": "https://registry.npmjs.org/@tailwindcss/vite/-/vite-4.2.1.tgz",
			"integrity": "sha512-TBf2sJjYeb28jD2U/OhwdW0bbOsxkWPwQ7SrqGf9sVcoYwZj7rkXljroBO9wKBut9XnmQLXanuDUeqQK0lGg/w==",
			"license": "MIT",
			"dependencies": {
				"@tailwindcss/node": "4.2.1",
				"@tailwindcss/oxide": "4.2.1",
				"tailwindcss": "4.2.1"
			},
			"peerDependencies": {
				"vite": "^5.2.0 || ^6 || ^7"
			}
		},
		"node_modules/@types/estree": {
			"version": "1.0.8",
			"license": "MIT",
			"peer": true
		},
		"node_modules/@types/node": {
			"resolved": "../../node_modules/.pnpm/@types+node@25.3.2/node_modules/@types/node",
			"link": true
		},
		"node_modules/astro": {
			"resolved": "../../node_modules/.pnpm/astro@5.16.9_@types+node@25.3.2_rollup@4.59.0_typescript@5.9.3/node_modules/astro",
			"link": true
		},
		"node_modules/detect-libc": {
			"version": "2.1.2",
			"license": "Apache-2.0",
			"engines": {
				"node": ">=8"
			}
		},
		"node_modules/enhanced-resolve": {
			"version": "5.19.0",
			"resolved": "https://registry.npmjs.org/enhanced-resolve/-/enhanced-resolve-5.19.0.tgz",
			"integrity": "sha512-phv3E1Xl4tQOShqSte26C7Fl84EwUdZsyOuSSk9qtAGyyQs2s3jJzComh+Abf4g187lUUAvH+H26omrqia2aGg==",
			"license": "MIT",
			"dependencies": {
				"graceful-fs": "^4.2.4",
				"tapable": "^2.3.0"
			},
			"engines": {
				"node": ">=10.13.0"
			}
		},
		"node_modules/esbuild": {
			"version": "0.25.12",
			"hasInstallScript": true,
			"license": "MIT",
			"peer": true,
			"bin": {
				"esbuild": "bin/esbuild"
			},
			"engines": {
				"node": ">=18"
			},
			"optionalDependencies": {
				"@esbuild/aix-ppc64": "0.25.12",
				"@esbuild/android-arm": "0.25.12",
				"@esbuild/android-arm64": "0.25.12",
				"@esbuild/android-x64": "0.25.12",
				"@esbuild/darwin-arm64": "0.25.12",
				"@esbuild/darwin-x64": "0.25.12",
				"@esbuild/freebsd-arm64": "0.25.12",
				"@esbuild/freebsd-x64": "0.25.12",
				"@esbuild/linux-arm": "0.25.12",
				"@esbuild/linux-arm64": "0.25.12",
				"@esbuild/linux-ia32": "0.25.12",
				"@esbuild/linux-loong64": "0.25.12",
				"@esbuild/linux-mips64el": "0.25.12",
				"@esbuild/linux-ppc64": "0.25.12",
				"@esbuild/linux-riscv64": "0.25.12",
				"@esbuild/linux-s390x": "0.25.12",
				"@esbuild/linux-x64": "0.25.12",
				"@esbuild/netbsd-arm64": "0.25.12",
				"@esbuild/netbsd-x64": "0.25.12",
				"@esbuild/openbsd-arm64": "0.25.12",
				"@esbuild/openbsd-x64": "0.25.12",
				"@esbuild/openharmony-arm64": "0.25.12",
				"@esbuild/sunos-x64": "0.25.12",
				"@esbuild/win32-arm64": "0.25.12",
				"@esbuild/win32-ia32": "0.25.12",
				"@esbuild/win32-x64": "0.25.12"
			}
		},
		"node_modules/fdir": {
			"version": "6.5.0",
			"license": "MIT",
			"peer": true,
			"engines": {
				"node": ">=12.0.0"
			},
			"peerDependencies": {
				"picomatch": "^3 || ^4"
			},
			"peerDependenciesMeta": {
				"picomatch": {
					"optional": true
				}
			}
		},
		"node_modules/fsevents": {
			"version": "2.3.3",
			"license": "MIT",
			"optional": true,
			"os": [
				"darwin"
			],
			"peer": true,
			"engines": {
				"node": "^8.16.0 || ^10.6.0 || >=11.0.0"
			}
		},
		"node_modules/graceful-fs": {
			"version": "4.2.11",
			"resolved": "https://registry.npmjs.org/graceful-fs/-/graceful-fs-4.2.11.tgz",
			"integrity": "sha512-RbJ5/jmFcNNCcDV5o9eTnBLJ/HszWV0P73bc+Ff4nS/rJj+YaS6IGyiOL0VoBYX+l1Wrl3k63h/KrH+nhJ0XvQ==",
			"license": "ISC"
		},
		"node_modules/jiti": {
			"version": "2.6.1",
			"resolved": "https://registry.npmjs.org/jiti/-/jiti-2.6.1.tgz",
			"integrity": "sha512-ekilCSN1jwRvIbgeg/57YFh8qQDNbwDb9xT/qu2DAHbFFZUicIl4ygVaAvzveMhMVr3LnpSKTNnwt8PoOfmKhQ==",
			"license": "MIT",
			"bin": {
				"jiti": "lib/jiti-cli.mjs"
			}
		},
		"node_modules/lightningcss": {
			"version": "1.31.1",
			"resolved": "https://registry.npmjs.org/lightningcss/-/lightningcss-1.31.1.tgz",
			"integrity": "sha512-l51N2r93WmGUye3WuFoN5k10zyvrVs0qfKBhyC5ogUQ6Ew6JUSswh78mbSO+IU3nTWsyOArqPCcShdQSadghBQ==",
			"license": "MPL-2.0",
			"dependencies": {
				"detect-libc": "^2.0.3"
			},
			"engines": {
				"node": ">= 12.0.0"
			},
			"funding": {
				"type": "opencollective",
				"url": "https://opencollective.com/parcel"
			},
			"optionalDependencies": {
				"lightningcss-android-arm64": "1.31.1",
				"lightningcss-darwin-arm64": "1.31.1",
				"lightningcss-darwin-x64": "1.31.1",
				"lightningcss-freebsd-x64": "1.31.1",
				"lightningcss-linux-arm-gnueabihf": "1.31.1",
				"lightningcss-linux-arm64-gnu": "1.31.1",
				"lightningcss-linux-arm64-musl": "1.31.1",
				"lightningcss-linux-x64-gnu": "1.31.1",
				"lightningcss-linux-x64-musl": "1.31.1",
				"lightningcss-win32-arm64-msvc": "1.31.1",
				"lightningcss-win32-x64-msvc": "1.31.1"
			}
		},
		"node_modules/lightningcss-android-arm64": {
			"version": "1.31.1",
			"resolved": "https://registry.npmjs.org/lightningcss-android-arm64/-/lightningcss-android-arm64-1.31.1.tgz",
			"integrity": "sha512-HXJF3x8w9nQ4jbXRiNppBCqeZPIAfUo8zE/kOEGbW5NZvGc/K7nMxbhIr+YlFlHW5mpbg/YFPdbnCh1wAXCKFg==",
			"cpu": [
				"arm64"
			],
			"license": "MPL-2.0",
			"optional": true,
			"os": [
				"android"
			],
			"engines": {
				"node": ">= 12.0.0"
			},
			"funding": {
				"type": "opencollective",
				"url": "https://opencollective.com/parcel"
			}
		},
		"node_modules/lightningcss-darwin-arm64": {
			"version": "1.31.1",
			"resolved": "https://registry.npmjs.org/lightningcss-darwin-arm64/-/lightningcss-darwin-arm64-1.31.1.tgz",
			"integrity": "sha512-02uTEqf3vIfNMq3h/z2cJfcOXnQ0GRwQrkmPafhueLb2h7mqEidiCzkE4gBMEH65abHRiQvhdcQ+aP0D0g67sg==",
			"cpu": [
				"arm64"
			],
			"license": "MPL-2.0",
			"optional": true,
			"os": [
				"darwin"
			],
			"engines": {
				"node": ">= 12.0.0"
			},
			"funding": {
				"type": "opencollective",
				"url": "https://opencollective.com/parcel"
			}
		},
		"node_modules/lightningcss-darwin-x64": {
			"version": "1.31.1",
			"resolved": "https://registry.npmjs.org/lightningcss-darwin-x64/-/lightningcss-darwin-x64-1.31.1.tgz",
			"integrity": "sha512-1ObhyoCY+tGxtsz1lSx5NXCj3nirk0Y0kB/g8B8DT+sSx4G9djitg9ejFnjb3gJNWo7qXH4DIy2SUHvpoFwfTA==",
			"cpu": [
				"x64"
			],
			"license": "MPL-2.0",
			"optional": true,
			"os": [
				"darwin"
			],
			"engines": {
				"node": ">= 12.0.0"
			},
			"funding": {
				"type": "opencollective",
				"url": "https://opencollective.com/parcel"
			}
		},
		"node_modules/lightningcss-freebsd-x64": {
			"version": "1.31.1",
			"resolved": "https://registry.npmjs.org/lightningcss-freebsd-x64/-/lightningcss-freebsd-x64-1.31.1.tgz",
			"integrity": "sha512-1RINmQKAItO6ISxYgPwszQE1BrsVU5aB45ho6O42mu96UiZBxEXsuQ7cJW4zs4CEodPUioj/QrXW1r9pLUM74A==",
			"cpu": [
				"x64"
			],
			"license": "MPL-2.0",
			"optional": true,
			"os": [
				"freebsd"
			],
			"engines": {
				"node": ">= 12.0.0"
			},
			"funding": {
				"type": "opencollective",
				"url": "https://opencollective.com/parcel"
			}
		},
		"node_modules/lightningcss-linux-arm-gnueabihf": {
			"version": "1.31.1",
			"resolved": "https://registry.npmjs.org/lightningcss-linux-arm-gnueabihf/-/lightningcss-linux-arm-gnueabihf-1.31.1.tgz",
			"integrity": "sha512-OOCm2//MZJ87CdDK62rZIu+aw9gBv4azMJuA8/KB74wmfS3lnC4yoPHm0uXZ/dvNNHmnZnB8XLAZzObeG0nS1g==",
			"cpu": [
				"arm"
			],
			"license": "MPL-2.0",
			"optional": true,
			"os": [
				"linux"
			],
			"engines": {
				"node": ">= 12.0.0"
			},
			"funding": {
				"type": "opencollective",
				"url": "https://opencollective.com/parcel"
			}
		},
		"node_modules/lightningcss-linux-arm64-gnu": {
			"version": "1.31.1",
			"resolved": "https://registry.npmjs.org/lightningcss-linux-arm64-gnu/-/lightningcss-linux-arm64-gnu-1.31.1.tgz",
			"integrity": "sha512-WKyLWztD71rTnou4xAD5kQT+982wvca7E6QoLpoawZ1gP9JM0GJj4Tp5jMUh9B3AitHbRZ2/H3W5xQmdEOUlLg==",
			"cpu": [
				"arm64"
			],
			"license": "MPL-2.0",
			"optional": true,
			"os": [
				"linux"
			],
			"engines": {
				"node": ">= 12.0.0"
			},
			"funding": {
				"type": "opencollective",
				"url": "https://opencollective.com/parcel"
			}
		},
		"node_modules/lightningcss-linux-arm64-musl": {
			"version": "1.31.1",
			"resolved": "https://registry.npmjs.org/lightningcss-linux-arm64-musl/-/lightningcss-linux-arm64-musl-1.31.1.tgz",
			"integrity": "sha512-mVZ7Pg2zIbe3XlNbZJdjs86YViQFoJSpc41CbVmKBPiGmC4YrfeOyz65ms2qpAobVd7WQsbW4PdsSJEMymyIMg==",
			"cpu": [
				"arm64"
			],
			"license": "MPL-2.0",
			"optional": true,
			"os": [
				"linux"
			],
			"engines": {
				"node": ">= 12.0.0"
			},
			"funding": {
				"type": "opencollective",
				"url": "https://opencollective.com/parcel"
			}
		},
		"node_modules/lightningcss-linux-x64-gnu": {
			"version": "1.31.1",
			"resolved": "https://registry.npmjs.org/lightningcss-linux-x64-gnu/-/lightningcss-linux-x64-gnu-1.31.1.tgz",
			"integrity": "sha512-xGlFWRMl+0KvUhgySdIaReQdB4FNudfUTARn7q0hh/V67PVGCs3ADFjw+6++kG1RNd0zdGRlEKa+T13/tQjPMA==",
			"cpu": [
				"x64"
			],
			"license": "MPL-2.0",
			"optional": true,
			"os": [
				"linux"
			],
			"engines": {
				"node": ">= 12.0.0"
			},
			"funding": {
				"type": "opencollective",
				"url": "https://opencollective.com/parcel"
			}
		},
		"node_modules/lightningcss-linux-x64-musl": {
			"version": "1.31.1",
			"resolved": "https://registry.npmjs.org/lightningcss-linux-x64-musl/-/lightningcss-linux-x64-musl-1.31.1.tgz",
			"integrity": "sha512-eowF8PrKHw9LpoZii5tdZwnBcYDxRw2rRCyvAXLi34iyeYfqCQNA9rmUM0ce62NlPhCvof1+9ivRaTY6pSKDaA==",
			"cpu": [
				"x64"
			],
			"license": "MPL-2.0",
			"optional": true,
			"os": [
				"linux"
			],
			"engines": {
				"node": ">= 12.0.0"
			},
			"funding": {
				"type": "opencollective",
				"url": "https://opencollective.com/parcel"
			}
		},
		"node_modules/lightningcss-win32-arm64-msvc": {
			"version": "1.31.1",
			"resolved": "https://registry.npmjs.org/lightningcss-win32-arm64-msvc/-/lightningcss-win32-arm64-msvc-1.31.1.tgz",
			"integrity": "sha512-aJReEbSEQzx1uBlQizAOBSjcmr9dCdL3XuC/6HLXAxmtErsj2ICo5yYggg1qOODQMtnjNQv2UHb9NpOuFtYe4w==",
			"cpu": [
				"arm64"
			],
			"license": "MPL-2.0",
			"optional": true,
			"os": [
				"win32"
			],
			"engines": {
				"node": ">= 12.0.0"
			},
			"funding": {
				"type": "opencollective",
				"url": "https://opencollective.com/parcel"
			}
		},
		"node_modules/lightningcss-win32-x64-msvc": {
			"version": "1.31.1",
			"resolved": "https://registry.npmjs.org/lightningcss-win32-x64-msvc/-/lightningcss-win32-x64-msvc-1.31.1.tgz",
			"integrity": "sha512-I9aiFrbd7oYHwlnQDqr1Roz+fTz61oDDJX7n9tYF9FJymH1cIN1DtKw3iYt6b8WZgEjoNwVSncwF4wx/ZedMhw==",
			"cpu": [
				"x64"
			],
			"license": "MPL-2.0",
			"optional": true,
			"os": [
				"win32"
			],
			"engines": {
				"node": ">= 12.0.0"
			},
			"funding": {
				"type": "opencollective",
				"url": "https://opencollective.com/parcel"
			}
		},
		"node_modules/magic-string": {
			"version": "0.30.21",
			"license": "MIT",
			"dependencies": {
				"@jridgewell/sourcemap-codec": "^1.5.5"
			}
		},
		"node_modules/nanoid": {
			"version": "3.3.11",
			"funding": [
				{
					"type": "github",
					"url": "https://github.com/sponsors/ai"
				}
			],
			"license": "MIT",
			"peer": true,
			"bin": {
				"nanoid": "bin/nanoid.cjs"
			},
			"engines": {
				"node": "^10 || ^12 || ^13.7 || ^14 || >=15.0.1"
			}
		},
		"node_modules/picocolors": {
			"version": "1.1.1",
			"license": "ISC",
			"peer": true
		},
		"node_modules/picomatch": {
			"version": "4.0.3",
			"license": "MIT",
			"peer": true,
			"engines": {
				"node": ">=12"
			},
			"funding": {
				"url": "https://github.com/sponsors/jonschlinkert"
			}
		},
		"node_modules/postcss": {
			"version": "8.5.6",
			"funding": [
				{
					"type": "opencollective",
					"url": "https://opencollective.com/postcss/"
				},
				{
					"type": "tidelift",
					"url": "https://tidelift.com/funding/github/npm/postcss"
				},
				{
					"type": "github",
					"url": "https://github.com/sponsors/ai"
				}
			],
			"license": "MIT",
			"peer": true,
			"dependencies": {
				"nanoid": "^3.3.11",
				"picocolors": "^1.1.1",
				"source-map-js": "^1.2.1"
			},
			"engines": {
				"node": "^10 || ^12 || >=14"
			}
		},
		"node_modules/rollup": {
			"version": "4.55.1",
			"license": "MIT",
			"peer": true,
			"dependencies": {
				"@types/estree": "1.0.8"
			},
			"bin": {
				"rollup": "dist/bin/rollup"
			},
			"engines": {
				"node": ">=18.0.0",
				"npm": ">=8.0.0"
			},
			"optionalDependencies": {
				"@rollup/rollup-android-arm-eabi": "4.55.1",
				"@rollup/rollup-android-arm64": "4.55.1",
				"@rollup/rollup-darwin-arm64": "4.55.1",
				"@rollup/rollup-darwin-x64": "4.55.1",
				"@rollup/rollup-freebsd-arm64": "4.55.1",
				"@rollup/rollup-freebsd-x64": "4.55.1",
				"@rollup/rollup-linux-arm-gnueabihf": "4.55.1",
				"@rollup/rollup-linux-arm-musleabihf": "4.55.1",
				"@rollup/rollup-linux-arm64-gnu": "4.55.1",
				"@rollup/rollup-linux-arm64-musl": "4.55.1",
				"@rollup/rollup-linux-loong64-gnu": "4.55.1",
				"@rollup/rollup-linux-loong64-musl": "4.55.1",
				"@rollup/rollup-linux-ppc64-gnu": "4.55.1",
				"@rollup/rollup-linux-ppc64-musl": "4.55.1",
				"@rollup/rollup-linux-riscv64-gnu": "4.55.1",
				"@rollup/rollup-linux-riscv64-musl": "4.55.1",
				"@rollup/rollup-linux-s390x-gnu": "4.55.1",
				"@rollup/rollup-linux-x64-gnu": "4.55.1",
				"@rollup/rollup-linux-x64-musl": "4.55.1",
				"@rollup/rollup-openbsd-x64": "4.55.1",
				"@rollup/rollup-openharmony-arm64": "4.55.1",
				"@rollup/rollup-win32-arm64-msvc": "4.55.1",
				"@rollup/rollup-win32-ia32-msvc": "4.55.1",
				"@rollup/rollup-win32-x64-gnu": "4.55.1",
				"@rollup/rollup-win32-x64-msvc": "4.55.1",
				"fsevents": "~2.3.2"
			}
		},
		"node_modules/source-map-js": {
			"version": "1.2.1",
			"license": "BSD-3-Clause",
			"engines": {
				"node": ">=0.10.0"
			}
		},
		"node_modules/tailwindcss": {
			"version": "4.2.1",
			"resolved": "https://registry.npmjs.org/tailwindcss/-/tailwindcss-4.2.1.tgz",
			"integrity": "sha512-/tBrSQ36vCleJkAOsy9kbNTgaxvGbyOamC30PRePTQe/o1MFwEKHQk4Cn7BNGaPtjp+PuUrByJehM1hgxfq4sw==",
			"license": "MIT"
		},
		"node_modules/tapable": {
			"version": "2.3.0",
			"resolved": "https://registry.npmjs.org/tapable/-/tapable-2.3.0.tgz",
			"integrity": "sha512-g9ljZiwki/LfxmQADO3dEY1CbpmXT5Hm2fJ+QaGKwSXUylMybePR7/67YW7jOrrvjEgL1Fmz5kzyAjWVWLlucg==",
			"license": "MIT",
			"engines": {
				"node": ">=6"
			},
			"funding": {
				"type": "opencollective",
				"url": "https://opencollective.com/webpack"
			}
		},
		"node_modules/tinyglobby": {
			"version": "0.2.15",
			"license": "MIT",
			"peer": true,
			"dependencies": {
				"fdir": "^6.5.0",
				"picomatch": "^4.0.3"
			},
			"engines": {
				"node": ">=12.0.0"
			},
			"funding": {
				"url": "https://github.com/sponsors/SuperchupuDev"
			}
		},
		"node_modules/tslib": {
			"version": "2.8.1",
			"license": "0BSD",
			"optional": true
		},
		"node_modules/typescript": {
			"resolved": "../../node_modules/.pnpm/typescript@5.9.3/node_modules/typescript",
			"link": true
		},
		"node_modules/vite": {
			"version": "6.4.1",
			"license": "MIT",
			"peer": true,
			"dependencies": {
				"esbuild": "^0.25.0",
				"fdir": "^6.4.4",
				"picomatch": "^4.0.2",
				"postcss": "^8.5.3",
				"rollup": "^4.34.9",
				"tinyglobby": "^0.2.13"
			},
			"bin": {
				"vite": "bin/vite.js"
			},
			"engines": {
				"node": "^18.0.0 || ^20.0.0 || >=22.0.0"
			},
			"funding": {
				"url": "https://github.com/vitejs/vite?sponsor=1"
			},
			"optionalDependencies": {
				"fsevents": "~2.3.3"
			},
			"peerDependencies": {
				"@types/node": "^18.0.0 || ^20.0.0 || >=22.0.0",
				"jiti": ">=1.21.0",
				"less": "*",
				"lightningcss": "^1.21.0",
				"sass": "*",
				"sass-embedded": "*",
				"stylus": "*",
				"sugarss": "*",
				"terser": "^5.16.0",
				"tsx": "^4.8.1",
				"yaml": "^2.4.2"
			},
			"peerDependenciesMeta": {
				"@types/node": {
					"optional": true
				},
				"jiti": {
					"optional": true
				},
				"less": {
					"optional": true
				},
				"lightningcss": {
					"optional": true
				},
				"sass": {
					"optional": true
				},
				"sass-embedded": {
					"optional": true
				},
				"stylus": {
					"optional": true
				},
				"sugarss": {
					"optional": true
				},
				"terser": {
					"optional": true
				},
				"tsx": {
					"optional": true
				},
				"yaml": {
					"optional": true
				}
			}
		},
		"node_modules/wrangler": {
			"resolved": "../../node_modules/.pnpm/wrangler@4.69.0_@cloudflare+workers-types@4.20260226.1/node_modules/wrangler",
			"link": true
		}
	}
}
